
Microsoft Visual Studio Solution File, Format Version 12.00
# Visual Studio Version 17
VisualStudioVersion = 17.1.32421.90
MinimumVisualStudioVersion = 10.0.40219.1
Project("{FAE04EC0-301F-11D3-BF4B-00C04F79EFBC}") = "Lab4_Game", "Lab4_Game\Lab4_Game.csproj", "{E9FD8B5A-55E1-4C37-8920-D6F4898A081C}"
EndProject
Global
	GlobalSection(SolutionConfigurationPlatforms) = preSolution
		Debug|Any CPU = Debug|Any CPU
		Release|Any CPU = Release|Any CPU
	EndGlobalSection
	GlobalSection(ProjectConfigurationPlatforms) = postSolution
		{E9FD8B5A-55E1-4C37-8920-D6F4898A081C}.Debug|Any CPU.ActiveCfg = Debug|Any CPU
		{E9FD8B5A-55E1-4C37-8920-D6F4898A081C}.Debug|Any CPU.Build.0 = Debug|Any CPU
		{E9FD8B5A-55E1-4C37-8920-D6F4898A081C}.Release|Any CPU.ActiveCfg = Release|Any CPU
		{E9FD8B5A-55E1-4C37-8920-D6F4898A081C}.Release|Any CPU.Build.0 = Release|Any CPU
	EndGlobalSection
	GlobalSection(SolutionProperties) = preSolution
		HideSolutionNode = FALSE
	EndGlobalSection
	GlobalSection(ExtensibilityGlobals) = postSolution
		SolutionGuid = {CFBE88C7-2976-4FB9-B130-B2459074BFC1}
	EndGlobalSection
EndGlobal
